{
  "version": 1,
  "dependencies": {
    "net6.0": {
      "Karambolo.Extensions.Logging.File": {
        "type": "Direct",
        "requested": "[3.3.1, )",
        "resolved": "3.3.1",
        "contentHash": "wkPTc/UEuSAwbO3/Ee+oCdotxncmc/DKwjM533Z0BKvJm94NLOvU2i7pifgMd6uAUJ8jy69OcFZRu7hXKbMW6g==",
        "dependencies": {
          "Microsoft.Extensions.FileProviders.Physical": "3.0.0",
          "Microsoft.Extensions.Logging.Configuration": "3.0.0",
          "Microsoft.Extensions.Options.ConfigurationExtensions": "3.0.0",
          "System.Threading.Channels": "4.7.1"
        }
      },
      "Microsoft.Extensions.Configuration": {
        "type": "Direct",
        "requested": "[6.0.1, )",
        "resolved": "6.0.1",
        "contentHash": "BUyFU9t+HzlSE7ri4B+AQN2BgTgHv/uM82s5ZkgU1BApyzWzIl48nDsG5wR1t0pniNuuyTBzG3qCW8152/NtSw==",
        "dependencies": {
          "Microsoft.Extensions.Configuration.Abstractions": "6.0.0",
          "Microsoft.Extensions.Primitives": "6.0.0"
        }
      },
      "Microsoft.Extensions.Logging": {
        "type": "Direct",
        "requested": "[6.0.0, )",
        "resolved": "6.0.0",
        "contentHash": "eIbyj40QDg1NDz0HBW0S5f3wrLVnKWnDJ/JtZ+yJDFnDj90VoPuoPmFkeaXrtu+0cKm5GRAwoDf+dBWXK0TUdg==",
        "dependencies": {
          "Microsoft.Extensions.DependencyInjection": "6.0.0",
          "Microsoft.Extensions.DependencyInjection.Abstractions": "6.0.0",
          "Microsoft.Extensions.Logging.Abstractions": "6.0.0",
          "Microsoft.Extensions.Options": "6.0.0",
          "System.Diagnostics.DiagnosticSource": "6.0.0"
        }
      },
      "Microsoft.Extensions.Options": {
        "type": "Direct",
        "requested": "[6.0.0, )",
        "resolved": "6.0.0",
        "contentHash": "dzXN0+V1AyjOe2xcJ86Qbo233KHuLEY0njf/P2Kw8SfJU+d45HNS2ctJdnEnrWbM9Ye2eFgaC5Mj9otRMU6IsQ==",
        "dependencies": {
          "Microsoft.Extensions.DependencyInjection.Abstractions": "6.0.0",
          "Microsoft.Extensions.Primitives": "6.0.0"
        }
      },
      "Monai.Deploy.Messaging": {
        "type": "Direct",
        "requested": "[0.1.6-rc0001, )",
        "resolved": "0.1.6-rc0001",
        "contentHash": "hQMo8/7sWrn14KnTodUN8UkuPVnCDOScgMvfG3jErx6Tm6Bpyp6h4PXwL56Q2U0Og2pVG7X7aX2N0XpY+HWQMA==",
        "dependencies": {
          "Ardalis.GuardClauses": "4.0.1",
          "Microsoft.Extensions.Configuration": "6.0.1",
          "Microsoft.Extensions.Diagnostics.HealthChecks": "6.0.8",
          "Microsoft.Extensions.Logging": "6.0.0",
          "Newtonsoft.Json": "13.0.1",
          "RabbitMQ.Client": "6.4.0",
          "System.ComponentModel.Annotations": "5.0.0",
          "System.IO.Abstractions": "17.1.1"
        }
      },
      "Monai.Deploy.Storage": {
        "type": "Direct",
        "requested": "[0.2.5, )",
        "resolved": "0.2.5",
        "contentHash": "EkctSwMUPm+omInxEGAbPPXz6dyd8nY4BAzrdGKt9MHsL1OesFXsgUXsmlCx+ltauohiiTSfjgd9eeVkUUD8MA==",
        "dependencies": {
          "AWSSDK.SecurityToken": "3.7.1.190",
          "Ardalis.GuardClauses": "4.0.1",
          "Microsoft.Extensions.Configuration": "6.0.1",
          "Microsoft.Extensions.Diagnostics.HealthChecks": "6.0.8",
          "Microsoft.Extensions.Logging": "6.0.0",
          "Monai.Deploy.Storage.S3Policy": "0.2.5",
          "System.IO.Abstractions": "17.1.1"
        }
      },
      "Newtonsoft.Json": {
        "type": "Direct",
        "requested": "[13.0.1, )",
        "resolved": "13.0.1",
        "contentHash": "ppPFpBcvxdsfUonNcvITKqLl3bqxWbDCZIzDWHzjpdAHRFfZe0Dw9HmA0+za13IdyrgJwpkDTDA9fHaxOrt20A=="
      },
      "System.IO.Abstractions": {
        "type": "Direct",
        "requested": "[17.1.1, )",
        "resolved": "17.1.1",
        "contentHash": "LWOM12Bd0kp/gaH4g1o/O2/6JDcHF/fuctF1IqDZt0aAqU2BwGiMihi9Cdcm5jJz8La1wFWbRPuRui8WeX6m8w=="
      },
      "Ardalis.GuardClauses": {
        "type": "Transitive",
        "resolved": "4.0.1",
        "contentHash": "RemnImQf/BWR8oYqFpdw+hn+b4Q1w+pGujkRiSfjQhMPuiERwGn4UMmQv+6UDE4qbPlnIN+e3e40JkvBhzgfzg==",
        "dependencies": {
          "JetBrains.Annotations": "2021.3.0"
        }
      },
      "AWSSDK.Core": {
        "type": "Transitive",
        "resolved": "3.7.12.26",
        "contentHash": "Axc3mHH1B+KChD4soiFnolvVxD8dVKeEsVFQ0jOxn+VBhHEizUd3oNq0id/AFYkJL6hdC3NGmbs0Y4OGtT5eEg=="
      },
      "AWSSDK.SecurityToken": {
        "type": "Transitive",
        "resolved": "3.7.1.190",
        "contentHash": "6njZoO/BBDWIAeN5DrIjZdQXOt6SSpE+x1A8JRWC9moyz3sqwU3l4uePZSpDyrQuLre+dkj1088Z62u9HX6FpQ==",
        "dependencies": {
          "AWSSDK.Core": "[3.7.12.26, 4.0.0)"
        }
      },
      "JetBrains.Annotations": {
        "type": "Transitive",
        "resolved": "2021.3.0",
        "contentHash": "Ddxjs5RRjf+c8m9m++WvhW1lz1bqNhsTjWvCLbQN9bvKbkJeR9MhtfNwKgBRRdG2yLHcXFr5Lf7fsvvkiPaDRg=="
      },
      "Microsoft.Extensions.Configuration.Abstractions": {
        "type": "Transitive",
        "resolved": "6.0.0",
        "contentHash": "qWzV9o+ZRWq+pGm+1dF+R7qTgTYoXvbyowRoBxQJGfqTpqDun2eteerjRQhq5PQ/14S+lqto3Ft4gYaRyl4rdQ==",
        "dependencies": {
          "Microsoft.Extensions.Primitives": "6.0.0"
        }
      },
      "Microsoft.Extensions.Configuration.Binder": {
        "type": "Transitive",
        "resolved": "3.0.0",
        "contentHash": "iw3UL25Cw9GBILJOs8srwcId2UCz5+BxTu//EN5dO2dOFNtHcNJgnUiqIlmcGi0orIco0pDuDXuIDvhkrY/sGQ==",
        "dependencies": {
          "Microsoft.Extensions.Configuration": "3.0.0"
        }
      },
      "Microsoft.Extensions.DependencyInjection": {
        "type": "Transitive",
        "resolved": "6.0.0",
        "contentHash": "k6PWQMuoBDGGHOQTtyois2u4AwyVcIwL2LaSLlTZQm2CYcJ1pxbt6jfAnpWmzENA/wfrYRI/X9DTLoUkE4AsLw==",
        "dependencies": {
          "Microsoft.Extensions.DependencyInjection.Abstractions": "6.0.0",
          "System.Runtime.CompilerServices.Unsafe": "6.0.0"
        }
      },
      "Microsoft.Extensions.DependencyInjection.Abstractions": {
        "type": "Transitive",
        "resolved": "6.0.0",
        "contentHash": "xlzi2IYREJH3/m6+lUrQlujzX8wDitm4QGnUu6kUXTQAWPuZY8i+ticFJbzfqaetLA6KR/rO6Ew/HuYD+bxifg=="
      },
      "Microsoft.Extensions.Diagnostics.HealthChecks": {
        "type": "Transitive",
        "resolved": "6.0.8",
        "contentHash": "xRbKuDnoKClu/lC3fCqF5f0UqEqVI8iYJ0RN4XpUHajvcfCWYcFC46NEzaUg2Fub7hznTG9m6XNScrVHl1iaSA==",
        "dependencies": {
          "Microsoft.Extensions.Diagnostics.HealthChecks.Abstractions": "6.0.8",
          "Microsoft.Extensions.Hosting.Abstractions": "6.0.0",
          "Microsoft.Extensions.Logging.Abstractions": "6.0.1",
          "Microsoft.Extensions.Options": "6.0.0"
        }
      },
      "Microsoft.Extensions.Diagnostics.HealthChecks.Abstractions": {
        "type": "Transitive",
        "resolved": "6.0.8",
        "contentHash": "8mNPugigemlybm8f+KcwB5FOEyJ8mZ72stKvOJJqpUFYjfTjFDKFKYB2L98gru1SaxVD9akjw8OyvtbWkAEimQ=="
      },
      "Microsoft.Extensions.FileProviders.Abstractions": {
        "type": "Transitive",
        "resolved": "6.0.0",
        "contentHash": "0pd4/fho0gC12rQswaGQxbU34jOS1TPS8lZPpkFCH68ppQjHNHYle9iRuHeev1LhrJ94YPvzcRd8UmIuFk23Qw==",
        "dependencies": {
          "Microsoft.Extensions.Primitives": "6.0.0"
        }
      },
      "Microsoft.Extensions.FileProviders.Physical": {
        "type": "Transitive",
        "resolved": "3.0.0",
        "contentHash": "76yB1N8hvzDaTqx3epda5sl/3HATw2FskztmmLmfWuvaooaNgbDa37Jyc7IyBCC4PreXEW/XLEET9w6fiJZOFg==",
        "dependencies": {
          "Microsoft.Extensions.FileProviders.Abstractions": "3.0.0",
          "Microsoft.Extensions.FileSystemGlobbing": "3.0.0"
        }
      },
      "Microsoft.Extensions.FileSystemGlobbing": {
        "type": "Transitive",
        "resolved": "3.0.0",
        "contentHash": "E1GcUu8JvY/8QfqMUYTs6HlDLefMYhEzeHsjrhRqOZguBmDTFU8d8m+mGtHEyYHWMRT1TEiha0a8I2AuozDUWQ=="
      },
      "Microsoft.Extensions.Hosting.Abstractions": {
        "type": "Transitive",
        "resolved": "6.0.0",
        "contentHash": "GcT5l2CYXL6Sa27KCSh0TixsRfADUgth+ojQSD5EkzisZxmGFh7CwzkcYuGwvmXLjr27uWRNrJ2vuuEjMhU05Q==",
        "dependencies": {
          "Microsoft.Extensions.Configuration.Abstractions": "6.0.0",
          "Microsoft.Extensions.DependencyInjection.Abstractions": "6.0.0",
          "Microsoft.Extensions.FileProviders.Abstractions": "6.0.0"
        }
      },
      "Microsoft.Extensions.Logging.Abstractions": {
        "type": "Transitive",
        "resolved": "6.0.1",
        "contentHash": "dzB2Cgg+JmrouhjkcQGzSFjjvpwlq353i8oBQO2GWNjCXSzhbtBRUf28HSauWe7eib3wYOdb3tItdjRwAdwCSg=="
      },
      "Microsoft.Extensions.Logging.Configuration": {
        "type": "Transitive",
        "resolved": "3.0.0",
        "contentHash": "Z+3mqptSt3pCo0Nl4pmwK+nTpBpRxNe2lFaBCCtsT0bb88GeFKvw6Mg+0IeEgDrfj7h4qzMYRbL5cSFMpENQZA==",
        "dependencies": {
          "Microsoft.Extensions.Logging": "3.0.0",
          "Microsoft.Extensions.Options.ConfigurationExtensions": "3.0.0"
        }
      },
      "Microsoft.Extensions.Options.ConfigurationExtensions": {
        "type": "Transitive",
        "resolved": "3.0.0",
        "contentHash": "g4V1TXEKUDgOnp1ZKREKSvITYxcUsTqfxNlOaCG7/xlCurLLzFupm+ULkGqIBUIBK+q3kHmt42pVyHwGIcCBmg==",
        "dependencies": {
          "Microsoft.Extensions.Configuration.Abstractions": "3.0.0",
          "Microsoft.Extensions.Configuration.Binder": "3.0.0",
          "Microsoft.Extensions.DependencyInjection.Abstractions": "3.0.0",
          "Microsoft.Extensions.Options": "3.0.0"
        }
      },
      "Microsoft.Extensions.Primitives": {
        "type": "Transitive",
        "resolved": "6.0.0",
        "contentHash": "9+PnzmQFfEFNR9J2aDTfJGGupShHjOuGw4VUv+JB044biSHrnmCIMD+mJHmb2H7YryrfBEXDurxQ47gJZdCKNQ==",
        "dependencies": {
          "System.Runtime.CompilerServices.Unsafe": "6.0.0"
        }
      },
      "Monai.Deploy.Storage.S3Policy": {
        "type": "Transitive",
        "resolved": "0.2.5",
        "contentHash": "wtvoeDf7MsuUE48Sggs6FYNOkLFUfQ5mPZer75jb63b9SKQjK2S34IdS8SnHVovNes1xhWInTB9YT2HUNgtzig==",
        "dependencies": {
          "Ardalis.GuardClauses": "4.0.1",
          "Newtonsoft.Json": "13.0.1"
        }
      },
      "RabbitMQ.Client": {
        "type": "Transitive",
        "resolved": "6.4.0",
        "contentHash": "1znR1gGU+xYVSpO5z8nQolcUKA/yydnxQn7Ug9+RUXxTSLMm/eE58VKGwahPBjELXvDnX0k/kBrAitFLRjx9LA==",
        "dependencies": {
          "System.Memory": "4.5.4",
          "System.Threading.Channels": "4.7.1"
        }
      },
      "System.ComponentModel.Annotations": {
        "type": "Transitive",
        "resolved": "5.0.0",
        "contentHash": "dMkqfy2el8A8/I76n2Hi1oBFEbG1SfxD2l5nhwXV3XjlnOmwxJlQbYpJH4W51odnU9sARCSAgv7S3CyAFMkpYg=="
      },
      "System.Diagnostics.DiagnosticSource": {
        "type": "Transitive",
        "resolved": "6.0.0",
        "contentHash": "frQDfv0rl209cKm1lnwTgFPzNigy2EKk1BS3uAvHvlBVKe5cymGyHO+Sj+NLv5VF/AhHsqPIUUwya5oV4CHMUw==",
        "dependencies": {
          "System.Runtime.CompilerServices.Unsafe": "6.0.0"
        }
      },
      "System.Memory": {
        "type": "Transitive",
        "resolved": "4.5.4",
        "contentHash": "1MbJTHS1lZ4bS4FmsJjnuGJOu88ZzTT2rLvrhW7Ygic+pC0NWA+3hgAen0HRdsocuQXCkUTdFn9yHJJhsijDXw=="
      },
      "System.Runtime.CompilerServices.Unsafe": {
        "type": "Transitive",
        "resolved": "6.0.0",
        "contentHash": "/iUeP3tq1S0XdNNoMz5C9twLSrM/TH+qElHkXWaPvuNOt+99G75NrV0OS2EqHx5wMN7popYjpc8oTjC1y16DLg=="
      },
      "System.Threading.Channels": {
        "type": "Transitive",
        "resolved": "4.7.1",
        "contentHash": "6akRtHK/wab3246t4p5v3HQrtQk8LboOt5T4dtpNgsp3zvDeM4/Gx8V12t0h+c/W9/enUrilk8n6EQqdQorZAA=="
      }
    }
  }
}