{
  "version": 1,
  "dependencies": {
    "net6.0": {
      "KubernetesClient": {
        "type": "Direct",
        "requested": "[9.0.38, )",
        "resolved": "9.0.38",
        "contentHash": "hTQleQRPv4ISabbvHVf3Q2e4qKgYX0kpZj+nXxS/zh/fuU/1wKj7kaNe0bm8+aA7+XodQUwIRhmy91qz3GFTCQ==",
        "dependencies": {
          "IdentityModel.OidcClient": "5.1.0",
          "KubernetesClient.Basic": "9.0.38",
          "KubernetesClient.Models": "9.0.38",
          "System.IO.Abstractions": "17.2.3",
          "System.IdentityModel.Tokens.Jwt": "6.23.1",
          "prometheus-net": "6.0.0"
        }
      },
      "Microsoft.Extensions.ApiDescription.Client": {
        "type": "Direct",
        "requested": "[6.0.10, )",
        "resolved": "6.0.10",
        "contentHash": "FcXKNXSaSItFDpbPpYfkv8C/29rIociSPShNb5BYPB/EOcIXkA5GJO7cvU3tZdJzQ9uvBk6r5qMNwl09fSw1AQ=="
      },
      "Ardalis.GuardClauses": {
        "type": "Transitive",
        "resolved": "4.0.1",
        "contentHash": "RemnImQf/BWR8oYqFpdw+hn+b4Q1w+pGujkRiSfjQhMPuiERwGn4UMmQv+6UDE4qbPlnIN+e3e40JkvBhzgfzg==",
        "dependencies": {
          "JetBrains.Annotations": "2021.3.0"
        }
      },
      "AutoMapper": {
        "type": "Transitive",
        "resolved": "10.1.1",
        "contentHash": "uMgbqOdu9ZG5cIOty0C85hzzayBH2i9BthnS5FlMqKtMSHDv4ts81a2jS1VFaDBVhlBeIqJ/kQKjQY95BZde9w==",
        "dependencies": {
          "Microsoft.CSharp": "4.7.0",
          "System.Reflection.Emit": "4.7.0"
        }
      },
      "AWSSDK.Core": {
        "type": "Transitive",
        "resolved": "3.7.100.6",
        "contentHash": "TABd2IP9MUPtoLJ3EouOsZ1RfNqFPz0w7pblWcaXMw8BgaLSH4xWD7uX+0oIhRVs0GalIl3RHZEjOibEGezDUA=="
      },
      "AWSSDK.SecurityToken": {
        "type": "Transitive",
        "resolved": "3.7.100.6",
        "contentHash": "8aTiY7DxAkq6kqdipWBJ7O7XDMABPMevJSFYtOxhjjllW8hkwOY3f5R1ff2ZFSRA5H96xsBLLj/66gc+hmVweQ==",
        "dependencies": {
          "AWSSDK.Core": "[3.7.100.6, 4.0.0)"
        }
      },
      "Fractions": {
        "type": "Transitive",
        "resolved": "7.1.0",
        "contentHash": "+fX5yXv3LkRDusIvq3T7LJt9InKYapbi3R5U3IH6O6cIFVWZKpjKTPRP+gBaaKU9o1VSo3sB4ug5XV+LHaP9LQ==",
        "dependencies": {
          "System.Runtime.Numerics": "4.3.0"
        }
      },
      "IdentityModel": {
        "type": "Transitive",
        "resolved": "5.2.0",
        "contentHash": "nuhkbaDH9l5QzNJp2MtP3qio57MPtiRneUN8Ocr7od0JvSYaIe3gBj/vxllr11S/Qvu1AG4GZXoyv5469ewYDA=="
      },
      "IdentityModel.OidcClient": {
        "type": "Transitive",
        "resolved": "5.1.0",
        "contentHash": "hTyT7TRhG1+/6xcIh69YlWhyKtQa0eN3PrfraxxP1zMDhDFqKiGoNjMGwXsDMITUOLNhjJYJpq8C53sUJ7ipnQ==",
        "dependencies": {
          "IdentityModel": "5.2.0",
          "Microsoft.Extensions.Logging": "6.0.0"
        }
      },
      "JetBrains.Annotations": {
        "type": "Transitive",
        "resolved": "2021.3.0",
        "contentHash": "Ddxjs5RRjf+c8m9m++WvhW1lz1bqNhsTjWvCLbQN9bvKbkJeR9MhtfNwKgBRRdG2yLHcXFr5Lf7fsvvkiPaDRg=="
      },
      "KubernetesClient.Basic": {
        "type": "Transitive",
        "resolved": "9.0.38",
        "contentHash": "RSMtvvSHgNRIL65vS46ZlNknh0mh5SlTgoC47frrqNEmioPOXK+AkW5rZd0fTGL5HxYyr81ZFD4SCa1GuvOfGQ==",
        "dependencies": {
          "KubernetesClient.Models": "9.0.38"
        }
      },
      "KubernetesClient.Models": {
        "type": "Transitive",
        "resolved": "9.0.38",
        "contentHash": "smDNvW092QCSA1JCch/MGh+++65HkwS/4yICvyV+K92ZSDD44Jn56qzM6TS2QD+Amh9/2wpdxOzDTECywx3TlA==",
        "dependencies": {
          "AutoMapper": "10.1.1",
          "Fractions": "7.1.0",
          "System.Text.Json": "6.0.6",
          "YamlDotNet": "12.0.2"
        }
      },
      "Microsoft.CSharp": {
        "type": "Transitive",
        "resolved": "4.7.0",
        "contentHash": "pTj+D3uJWyN3My70i2Hqo+OXixq3Os2D1nJ2x92FFo6sk8fYS1m1WLNTs0Dc1uPaViH0YvEEwvzddQ7y4rhXmA=="
      },
      "Microsoft.Extensions.Configuration": {
        "type": "Transitive",
        "resolved": "6.0.1",
        "contentHash": "BUyFU9t+HzlSE7ri4B+AQN2BgTgHv/uM82s5ZkgU1BApyzWzIl48nDsG5wR1t0pniNuuyTBzG3qCW8152/NtSw==",
        "dependencies": {
          "Microsoft.Extensions.Configuration.Abstractions": "6.0.0",
          "Microsoft.Extensions.Primitives": "6.0.0"
        }
      },
      "Microsoft.Extensions.Configuration.Abstractions": {
        "type": "Transitive",
        "resolved": "6.0.0",
        "contentHash": "qWzV9o+ZRWq+pGm+1dF+R7qTgTYoXvbyowRoBxQJGfqTpqDun2eteerjRQhq5PQ/14S+lqto3Ft4gYaRyl4rdQ==",
        "dependencies": {
          "Microsoft.Extensions.Primitives": "6.0.0"
        }
      },
      "Microsoft.Extensions.DependencyInjection": {
        "type": "Transitive",
        "resolved": "6.0.0",
        "contentHash": "k6PWQMuoBDGGHOQTtyois2u4AwyVcIwL2LaSLlTZQm2CYcJ1pxbt6jfAnpWmzENA/wfrYRI/X9DTLoUkE4AsLw==",
        "dependencies": {
          "Microsoft.Extensions.DependencyInjection.Abstractions": "6.0.0",
          "System.Runtime.CompilerServices.Unsafe": "6.0.0"
        }
      },
      "Microsoft.Extensions.DependencyInjection.Abstractions": {
        "type": "Transitive",
        "resolved": "6.0.0",
        "contentHash": "xlzi2IYREJH3/m6+lUrQlujzX8wDitm4QGnUu6kUXTQAWPuZY8i+ticFJbzfqaetLA6KR/rO6Ew/HuYD+bxifg=="
      },
      "Microsoft.Extensions.Diagnostics.HealthChecks": {
        "type": "Transitive",
        "resolved": "6.0.10",
        "contentHash": "YmTyFOc7xx2/9FKuAlCmcWYKYLr0bYgNrRlcNPy/vc8qXnxnRV+kua6z96RUXSJVSQadCbJcEjmnTUMTEVfXOQ==",
        "dependencies": {
          "Microsoft.Extensions.Diagnostics.HealthChecks.Abstractions": "6.0.10",
          "Microsoft.Extensions.Hosting.Abstractions": "6.0.0",
          "Microsoft.Extensions.Logging.Abstractions": "6.0.2",
          "Microsoft.Extensions.Options": "6.0.0"
        }
      },
      "Microsoft.Extensions.Diagnostics.HealthChecks.Abstractions": {
        "type": "Transitive",
        "resolved": "6.0.10",
        "contentHash": "U1PO967am1BIWbxBiLcYzVx8KOTYa9NvhBNgTn8Oii3LcsjvIwHzM+GTYy6bTiHnAFAlK5HAjxusAnAHSHJRoA=="
      },
      "Microsoft.Extensions.FileProviders.Abstractions": {
        "type": "Transitive",
        "resolved": "6.0.0",
        "contentHash": "0pd4/fho0gC12rQswaGQxbU34jOS1TPS8lZPpkFCH68ppQjHNHYle9iRuHeev1LhrJ94YPvzcRd8UmIuFk23Qw==",
        "dependencies": {
          "Microsoft.Extensions.Primitives": "6.0.0"
        }
      },
      "Microsoft.Extensions.Hosting.Abstractions": {
        "type": "Transitive",
        "resolved": "6.0.0",
        "contentHash": "GcT5l2CYXL6Sa27KCSh0TixsRfADUgth+ojQSD5EkzisZxmGFh7CwzkcYuGwvmXLjr27uWRNrJ2vuuEjMhU05Q==",
        "dependencies": {
          "Microsoft.Extensions.Configuration.Abstractions": "6.0.0",
          "Microsoft.Extensions.DependencyInjection.Abstractions": "6.0.0",
          "Microsoft.Extensions.FileProviders.Abstractions": "6.0.0"
        }
      },
      "Microsoft.Extensions.Http": {
        "type": "Transitive",
        "resolved": "3.1.9",
        "contentHash": "sRyrkBJGS+8ucKak+RmAPkAiIm6amA5ztpIkp0zrPn5+kDX2j8XJdRARr4Eh003RIGQxzvNGQ+j/voAhlPoXyw==",
        "dependencies": {
          "Microsoft.Extensions.DependencyInjection.Abstractions": "3.1.9",
          "Microsoft.Extensions.Logging": "3.1.9",
          "Microsoft.Extensions.Options": "3.1.9"
        }
      },
      "Microsoft.Extensions.Logging": {
        "type": "Transitive",
        "resolved": "6.0.0",
        "contentHash": "eIbyj40QDg1NDz0HBW0S5f3wrLVnKWnDJ/JtZ+yJDFnDj90VoPuoPmFkeaXrtu+0cKm5GRAwoDf+dBWXK0TUdg==",
        "dependencies": {
          "Microsoft.Extensions.DependencyInjection": "6.0.0",
          "Microsoft.Extensions.DependencyInjection.Abstractions": "6.0.0",
          "Microsoft.Extensions.Logging.Abstractions": "6.0.0",
          "Microsoft.Extensions.Options": "6.0.0",
          "System.Diagnostics.DiagnosticSource": "6.0.0"
        }
      },
      "Microsoft.Extensions.Logging.Abstractions": {
        "type": "Transitive",
        "resolved": "6.0.2",
        "contentHash": "pwXCZKaA7m5wgmCj49dW+H1RPSY7U62SKLTQYCcavf/k3Nyt/WnBgAjG4jMGnwy9rElfAZ2KvxvM5CJzJWG0hg=="
      },
      "Microsoft.Extensions.Options": {
        "type": "Transitive",
        "resolved": "6.0.0",
        "contentHash": "dzXN0+V1AyjOe2xcJ86Qbo233KHuLEY0njf/P2Kw8SfJU+d45HNS2ctJdnEnrWbM9Ye2eFgaC5Mj9otRMU6IsQ==",
        "dependencies": {
          "Microsoft.Extensions.DependencyInjection.Abstractions": "6.0.0",
          "Microsoft.Extensions.Primitives": "6.0.0"
        }
      },
      "Microsoft.Extensions.Primitives": {
        "type": "Transitive",
        "resolved": "6.0.0",
        "contentHash": "9+PnzmQFfEFNR9J2aDTfJGGupShHjOuGw4VUv+JB044biSHrnmCIMD+mJHmb2H7YryrfBEXDurxQ47gJZdCKNQ==",
        "dependencies": {
          "System.Runtime.CompilerServices.Unsafe": "6.0.0"
        }
      },
      "Microsoft.IdentityModel.Abstractions": {
        "type": "Transitive",
        "resolved": "6.23.1",
        "contentHash": "LTUhLFzhzCEWUwhIgiYFAFAf8xxOg9VOZQgldiCiAHIejVfEiyG4a4sq00QVmwv9Wdig2uCHVQudaTSA3t+/7A=="
      },
      "Microsoft.IdentityModel.JsonWebTokens": {
        "type": "Transitive",
        "resolved": "6.23.1",
        "contentHash": "Tfa2g1b6wE9Ds3MG/LivoRjk9+FAiPE24kMpTK0vbUt03t44zfVNz9O1QU/yf6Ic5hfk+DrY9huPxg7EeTYBGg==",
        "dependencies": {
          "Microsoft.IdentityModel.Tokens": "6.23.1",
          "System.Text.Encoding": "4.3.0",
          "System.Text.Json": "4.7.2"
        }
      },
      "Microsoft.IdentityModel.Logging": {
        "type": "Transitive",
        "resolved": "6.23.1",
        "contentHash": "SF+1itC0kQDMvfo8jzWYfQ1mkt5CZsC8/KYMjt6N9LAP7sCCKdZkkJHgvat+DxTfZATBtcvJ6tGyEaiVR1ASUg==",
        "dependencies": {
          "Microsoft.IdentityModel.Abstractions": "6.23.1"
        }
      },
      "Microsoft.IdentityModel.Tokens": {
        "type": "Transitive",
        "resolved": "6.23.1",
        "contentHash": "hPPOGGIZRFl8QxZfc4Saa56Q4RrpBoT7E+VgW9qdHoiRm/ieh1aSaeXhp3uNh8EBkO92skiav2I4AUxwtBDHgA==",
        "dependencies": {
          "Microsoft.CSharp": "4.5.0",
          "Microsoft.IdentityModel.Logging": "6.23.1",
          "System.Security.Cryptography.Cng": "4.5.0"
        }
      },
      "Microsoft.NETCore.Platforms": {
        "type": "Transitive",
        "resolved": "1.1.0",
        "contentHash": "kz0PEW2lhqygehI/d6XsPCQzD7ff7gUJaVGPVETX611eadGsA3A877GdSlU0LRVMCTH/+P3o2iDTak+S08V2+A=="
      },
      "Microsoft.NETCore.Targets": {
        "type": "Transitive",
        "resolved": "1.1.0",
        "contentHash": "aOZA3BWfz9RXjpzt0sRJJMjAscAUm3Hoa4UWAfceV9UTYxgwZ1lZt5nO2myFf+/jetYQo4uTP7zS8sJY67BBxg=="
      },
      "Monai.Deploy.Messaging": {
        "type": "Transitive",
        "resolved": "0.1.10",
        "contentHash": "ePgpqqJfS73Pe/FSEruvnidjg/itSmSuPsWqtYbjwg6TYSJuAB6vDSEyaSbZlAx/vxx4ZB3ppUAKeZKKewy1Pw==",
        "dependencies": {
          "Ardalis.GuardClauses": "4.0.1",
          "Microsoft.Extensions.Configuration": "6.0.1",
          "Microsoft.Extensions.Diagnostics.HealthChecks": "6.0.10",
          "Microsoft.Extensions.Logging": "6.0.0",
          "Newtonsoft.Json": "13.0.1",
          "RabbitMQ.Client": "6.4.0",
          "System.ComponentModel.Annotations": "5.0.0",
          "System.IO.Abstractions": "17.2.3"
        }
      },
      "Monai.Deploy.Storage": {
        "type": "Transitive",
        "resolved": "0.2.10",
        "contentHash": "qTk/hYUIA1XCohRxG2XcFqoI3gzZTgPyB/DbRyeY4nVZ7lmuzni+KrbHuewTqsmBKt00+2d9YI6gms5oMcTxsQ==",
        "dependencies": {
          "AWSSDK.SecurityToken": "3.7.100.6",
          "Ardalis.GuardClauses": "4.0.1",
          "Microsoft.Extensions.Configuration": "6.0.1",
          "Microsoft.Extensions.Diagnostics.HealthChecks": "6.0.10",
          "Microsoft.Extensions.Logging": "6.0.0",
          "Monai.Deploy.Storage.S3Policy": "0.2.10",
          "System.IO.Abstractions": "17.2.3"
        }
      },
      "Monai.Deploy.Storage.S3Policy": {
        "type": "Transitive",
        "resolved": "0.2.10",
        "contentHash": "uCv90cT8z0qxlLo2Y/biem6vY9+nrD0EJBHTYETYooXp1tnAAt77pvvLx4ygFFzoabUTjdMr9ptYSJOXQ4dAFQ==",
        "dependencies": {
          "Ardalis.GuardClauses": "4.0.1",
          "Newtonsoft.Json": "13.0.1"
        }
      },
      "MongoDB.Bson": {
        "type": "Transitive",
        "resolved": "2.18.0",
        "contentHash": "iyiVjkCAZIUiyYDZXXUqISeW7n3O/qcM90PUeJybryg7g4rXhSMRY0oLpAg+NdoXD/Qm9LlmVIePAluHQB91tQ==",
        "dependencies": {
          "System.Runtime.CompilerServices.Unsafe": "5.0.0"
        }
      },
      "Newtonsoft.Json": {
        "type": "Transitive",
        "resolved": "13.0.1",
        "contentHash": "ppPFpBcvxdsfUonNcvITKqLl3bqxWbDCZIzDWHzjpdAHRFfZe0Dw9HmA0+za13IdyrgJwpkDTDA9fHaxOrt20A=="
      },
      "prometheus-net": {
        "type": "Transitive",
        "resolved": "6.0.0",
        "contentHash": "rD6iXx1mKx6uy5E7YkktLxvBQKFTbNfe3qc43s+9ZuYWgEm41QMTlw/a+R+Hs86NkfHG3oHYAJuP7c7HQ+oj9Q==",
        "dependencies": {
          "Microsoft.Extensions.Http": "3.1.9"
        }
      },
      "RabbitMQ.Client": {
        "type": "Transitive",
        "resolved": "6.4.0",
        "contentHash": "1znR1gGU+xYVSpO5z8nQolcUKA/yydnxQn7Ug9+RUXxTSLMm/eE58VKGwahPBjELXvDnX0k/kBrAitFLRjx9LA==",
        "dependencies": {
          "System.Memory": "4.5.4",
          "System.Threading.Channels": "4.7.1"
        }
      },
      "System.ComponentModel.Annotations": {
        "type": "Transitive",
        "resolved": "5.0.0",
        "contentHash": "dMkqfy2el8A8/I76n2Hi1oBFEbG1SfxD2l5nhwXV3XjlnOmwxJlQbYpJH4W51odnU9sARCSAgv7S3CyAFMkpYg=="
      },
      "System.Diagnostics.DiagnosticSource": {
        "type": "Transitive",
        "resolved": "6.0.0",
        "contentHash": "frQDfv0rl209cKm1lnwTgFPzNigy2EKk1BS3uAvHvlBVKe5cymGyHO+Sj+NLv5VF/AhHsqPIUUwya5oV4CHMUw==",
        "dependencies": {
          "System.Runtime.CompilerServices.Unsafe": "6.0.0"
        }
      },
      "System.Globalization": {
        "type": "Transitive",
        "resolved": "4.3.0",
        "contentHash": "kYdVd2f2PAdFGblzFswE4hkNANJBKRmsfa2X5LG2AcWE1c7/4t0pYae1L8vfZ5xvE2nK/R9JprtToA61OSHWIg==",
        "dependencies": {
          "Microsoft.NETCore.Platforms": "1.1.0",
          "Microsoft.NETCore.Targets": "1.1.0",
          "System.Runtime": "4.3.0"
        }
      },
      "System.IdentityModel.Tokens.Jwt": {
        "type": "Transitive",
        "resolved": "6.23.1",
        "contentHash": "f/bzIDc2ie8jIMprqM6icfy0JGZqaFxhiENjoDS1lQur/jjanrfzwo2xTcod0ADoILPi9RywfE8hI6Wg8BHxkw==",
        "dependencies": {
          "Microsoft.IdentityModel.JsonWebTokens": "6.23.1",
          "Microsoft.IdentityModel.Tokens": "6.23.1"
        }
      },
      "System.IO": {
        "type": "Transitive",
        "resolved": "4.3.0",
        "contentHash": "3qjaHvxQPDpSOYICjUoTsmoq5u6QJAFRUITgeT/4gqkF1bajbSmb1kwSxEA8AHlofqgcKJcM8udgieRNhaJ5Cg==",
        "dependencies": {
          "Microsoft.NETCore.Platforms": "1.1.0",
          "Microsoft.NETCore.Targets": "1.1.0",
          "System.Runtime": "4.3.0",
          "System.Text.Encoding": "4.3.0",
          "System.Threading.Tasks": "4.3.0"
        }
      },
      "System.IO.Abstractions": {
        "type": "Transitive",
        "resolved": "17.2.3",
        "contentHash": "VcozGeE4SxIo0cnXrDHhbrh/Gb8KQnZ3BvMelvh+iw0PrIKtuuA46U2Xm4e4pgnaWFgT4RdZfTpWl/WPRdw0WQ=="
      },
      "System.Memory": {
        "type": "Transitive",
        "resolved": "4.5.4",
        "contentHash": "1MbJTHS1lZ4bS4FmsJjnuGJOu88ZzTT2rLvrhW7Ygic+pC0NWA+3hgAen0HRdsocuQXCkUTdFn9yHJJhsijDXw=="
      },
      "System.Reflection": {
        "type": "Transitive",
        "resolved": "4.3.0",
        "contentHash": "KMiAFoW7MfJGa9nDFNcfu+FpEdiHpWgTcS2HdMpDvt9saK3y/G4GwprPyzqjFH9NTaGPQeWNHU+iDlDILj96aQ==",
        "dependencies": {
          "Microsoft.NETCore.Platforms": "1.1.0",
          "Microsoft.NETCore.Targets": "1.1.0",
          "System.IO": "4.3.0",
          "System.Reflection.Primitives": "4.3.0",
          "System.Runtime": "4.3.0"
        }
      },
      "System.Reflection.Emit": {
        "type": "Transitive",
        "resolved": "4.7.0",
        "contentHash": "VR4kk8XLKebQ4MZuKuIni/7oh+QGFmZW3qORd1GvBq/8026OpW501SzT/oypwiQl4TvT8ErnReh/NzY9u+C6wQ=="
      },
      "System.Reflection.Primitives": {
        "type": "Transitive",
        "resolved": "4.3.0",
        "contentHash": "5RXItQz5As4xN2/YUDxdpsEkMhvw3e6aNveFXUn4Hl/udNTCNhnKp8lT9fnc3MhvGKh1baak5CovpuQUXHAlIA==",
        "dependencies": {
          "Microsoft.NETCore.Platforms": "1.1.0",
          "Microsoft.NETCore.Targets": "1.1.0",
          "System.Runtime": "4.3.0"
        }
      },
      "System.Resources.ResourceManager": {
        "type": "Transitive",
        "resolved": "4.3.0",
        "contentHash": "/zrcPkkWdZmI4F92gL/TPumP98AVDu/Wxr3CSJGQQ+XN6wbRZcyfSKVoPo17ilb3iOr0cCRqJInGwNMolqhS8A==",
        "dependencies": {
          "Microsoft.NETCore.Platforms": "1.1.0",
          "Microsoft.NETCore.Targets": "1.1.0",
          "System.Globalization": "4.3.0",
          "System.Reflection": "4.3.0",
          "System.Runtime": "4.3.0"
        }
      },
      "System.Runtime": {
        "type": "Transitive",
        "resolved": "4.3.0",
        "contentHash": "JufQi0vPQ0xGnAczR13AUFglDyVYt4Kqnz1AZaiKZ5+GICq0/1MH/mO/eAJHt/mHW1zjKBJd7kV26SrxddAhiw==",
        "dependencies": {
          "Microsoft.NETCore.Platforms": "1.1.0",
          "Microsoft.NETCore.Targets": "1.1.0"
        }
      },
      "System.Runtime.CompilerServices.Unsafe": {
        "type": "Transitive",
        "resolved": "6.0.0",
        "contentHash": "/iUeP3tq1S0XdNNoMz5C9twLSrM/TH+qElHkXWaPvuNOt+99G75NrV0OS2EqHx5wMN7popYjpc8oTjC1y16DLg=="
      },
      "System.Runtime.Extensions": {
        "type": "Transitive",
        "resolved": "4.3.0",
        "contentHash": "guW0uK0fn5fcJJ1tJVXYd7/1h5F+pea1r7FLSOz/f8vPEqbR2ZAknuRDvTQ8PzAilDveOxNjSfr0CHfIQfFk8g==",
        "dependencies": {
          "Microsoft.NETCore.Platforms": "1.1.0",
          "Microsoft.NETCore.Targets": "1.1.0",
          "System.Runtime": "4.3.0"
        }
      },
      "System.Runtime.Numerics": {
        "type": "Transitive",
        "resolved": "4.3.0",
        "contentHash": "yMH+MfdzHjy17l2KESnPiF2dwq7T+xLnSJar7slyimAkUh/gTrS9/UQOtv7xarskJ2/XDSNvfLGOBQPjL7PaHQ==",
        "dependencies": {
          "System.Globalization": "4.3.0",
          "System.Resources.ResourceManager": "4.3.0",
          "System.Runtime": "4.3.0",
          "System.Runtime.Extensions": "4.3.0"
        }
      },
      "System.Security.Cryptography.Cng": {
        "type": "Transitive",
        "resolved": "4.5.0",
        "contentHash": "WG3r7EyjUe9CMPFSs6bty5doUqT+q9pbI80hlNzo2SkPkZ4VTuZkGWjpp77JB8+uaL4DFPRdBsAY+DX3dBK92A=="
      },
      "System.Text.Encoding": {
        "type": "Transitive",
        "resolved": "4.3.0",
        "contentHash": "BiIg+KWaSDOITze6jGQynxg64naAPtqGHBwDrLaCtixsa5bKiR8dpPOHA7ge3C0JJQizJE+sfkz1wV+BAKAYZw==",
        "dependencies": {
          "Microsoft.NETCore.Platforms": "1.1.0",
          "Microsoft.NETCore.Targets": "1.1.0",
          "System.Runtime": "4.3.0"
        }
      },
      "System.Text.Encodings.Web": {
        "type": "Transitive",
        "resolved": "6.0.0",
        "contentHash": "Vg8eB5Tawm1IFqj4TVK1czJX89rhFxJo9ELqc/Eiq0eXy13RK00eubyU6TJE6y+GQXjyV5gSfiewDUZjQgSE0w==",
        "dependencies": {
          "System.Runtime.CompilerServices.Unsafe": "6.0.0"
        }
      },
      "System.Text.Json": {
        "type": "Transitive",
        "resolved": "6.0.6",
        "contentHash": "GZ+62pLOr544jwSvyXv5ezSfzlFBTjLuPhgOS2dnKuknAA8dPNUGXLKTHf9XdsudU9JpbtweXnE4oEiKEB2T1Q==",
        "dependencies": {
          "System.Runtime.CompilerServices.Unsafe": "6.0.0",
          "System.Text.Encodings.Web": "6.0.0"
        }
      },
      "System.Threading.Channels": {
        "type": "Transitive",
        "resolved": "4.7.1",
        "contentHash": "6akRtHK/wab3246t4p5v3HQrtQk8LboOt5T4dtpNgsp3zvDeM4/Gx8V12t0h+c/W9/enUrilk8n6EQqdQorZAA=="
      },
      "System.Threading.Tasks": {
        "type": "Transitive",
        "resolved": "4.3.0",
        "contentHash": "LbSxKEdOUhVe8BezB/9uOGGppt+nZf6e1VFyw6v3DN6lqitm0OSn2uXMOdtP0M3W4iMcqcivm2J6UgqiwwnXiA==",
        "dependencies": {
          "Microsoft.NETCore.Platforms": "1.1.0",
          "Microsoft.NETCore.Targets": "1.1.0",
          "System.Runtime": "4.3.0"
        }
      },
      "YamlDotNet": {
        "type": "Transitive",
        "resolved": "12.0.2",
        "contentHash": "IFj2oDZYJIv5sM8mqaj5edVrpgUyoXk/wCGqZQJrgys/0tBajajpjRSgFM+iA/9ILOfTsPYKtcDcwvqBnBcNIg=="
      },
      "monai.deploy.workflowmanager.configuration": {
        "type": "Project",
        "dependencies": {
          "Monai.Deploy.Messaging": "[0.1.10, )",
          "Monai.Deploy.Storage": "[0.2.10, )"
        }
      },
      "monai.deploy.workflowmanager.taskmanager.api": {
        "type": "Project",
        "dependencies": {
          "Monai.Deploy.Messaging": "[0.1.10, )",
          "MongoDB.Bson": "[2.18.0, )"
        }
      }
    }
  }
}