{
  "version": 1,
  "dependencies": {
    "net8.0": {
      "Monai.Deploy.Messaging": {
        "type": "Direct",
        "requested": "[2.0.2, )",
        "resolved": "2.0.2",
        "contentHash": "iQsD13BAnpbkv1xIVS4cRT2ZXjtcvHJFXlzvTaXjSEEtgGRR7f/IW/9smM2mZlPAyjmRdzk6hyye2vw6rl/tTw==",
        "dependencies": {
          "Ardalis.GuardClauses": "4.3.0",
          "Microsoft.Extensions.Diagnostics.HealthChecks": "8.0.0",
          "Newtonsoft.Json": "13.0.3",
          "System.IO.Abstractions": "20.0.4"
        }
      },
      "Monai.Deploy.Storage": {
        "type": "Direct",
        "requested": "[1.0.0, )",
        "resolved": "1.0.0",
        "contentHash": "YN087swDoJJCj+UgPVWzsraxL730ajg8OJdEahgPvZFe4quFlfhWIGLweVKRNhSvrN/CV87/m+noLJu7jSEaww==",
        "dependencies": {
          "AWSSDK.SecurityToken": "3.7.300.30",
          "Microsoft.Extensions.Diagnostics.HealthChecks": "8.0.0",
          "Monai.Deploy.Storage.S3Policy": "1.0.0",
          "System.IO.Abstractions": "20.0.4"
        }
      },
      "Ardalis.GuardClauses": {
        "type": "Transitive",
        "resolved": "4.3.0",
        "contentHash": "5KQ6zQDNRduora6L8lGQcRikLNLj0s4XjctGuUX24uBRzHMMKv6BatVDSBWRs96riz7PJj7Efn3yOFhfYXgnWg=="
      },
      "AWSSDK.Core": {
        "type": "Transitive",
        "resolved": "3.7.300.29",
        "contentHash": "BMvjbKNzA7Y1eFbhnRbexaUKZ6FwR/hAdvmPYYYA35kw0Ig5E12shMiCEqtRL1EQYVpAqmLdSPZNxV4hu5Ncng=="
      },
      "AWSSDK.SecurityToken": {
        "type": "Transitive",
        "resolved": "3.7.300.30",
        "contentHash": "hsCHGNTf1UeNEVBrjuFsWQfylcqzrBn27bfidgr0VVCKc82dz/PEFIrSFzXuEOjvRSiO5wji/V7x9bGyf1aJ6A==",
        "dependencies": {
          "AWSSDK.Core": "[3.7.300.29, 4.0.0)"
        }
      },
      "Microsoft.Extensions.Configuration.Abstractions": {
        "type": "Transitive",
        "resolved": "8.0.0",
        "contentHash": "3lE/iLSutpgX1CC0NOW70FJoGARRHbyKmG7dc0klnUZ9Dd9hS6N/POPWhKhMLCEuNN5nXEY5agmlFtH562vqhQ==",
        "dependencies": {
          "Microsoft.Extensions.Primitives": "8.0.0"
        }
      },
      "Microsoft.Extensions.DependencyInjection.Abstractions": {
        "type": "Transitive",
        "resolved": "8.0.0",
        "contentHash": "cjWrLkJXK0rs4zofsK4bSdg+jhDLTaxrkXu4gS6Y7MAlCvRyNNgwY/lJi5RDlQOnSZweHqoyvgvbdvQsRIW+hg=="
      },
      "Microsoft.Extensions.Diagnostics.Abstractions": {
        "type": "Transitive",
        "resolved": "8.0.0",
        "contentHash": "JHYCQG7HmugNYUhOl368g+NMxYE/N/AiclCYRNlgCY9eVyiBkOHMwK4x60RYMxv9EL3+rmj1mqHvdCiPpC+D4Q==",
        "dependencies": {
          "Microsoft.Extensions.DependencyInjection.Abstractions": "8.0.0",
          "Microsoft.Extensions.Options": "8.0.0",
          "System.Diagnostics.DiagnosticSource": "8.0.0"
        }
      },
      "Microsoft.Extensions.Diagnostics.HealthChecks": {
        "type": "Transitive",
        "resolved": "8.0.0",
        "contentHash": "P9SoBuVZhJPpALZmSq72aQEb9ryP67EdquaCZGXGrrcASTNHYdrUhnpgSwIipgM5oVC+dKpRXg5zxobmF9xr5g==",
        "dependencies": {
          "Microsoft.Extensions.Diagnostics.HealthChecks.Abstractions": "8.0.0",
          "Microsoft.Extensions.Hosting.Abstractions": "8.0.0",
          "Microsoft.Extensions.Logging.Abstractions": "8.0.0",
          "Microsoft.Extensions.Options": "8.0.0"
        }
      },
      "Microsoft.Extensions.Diagnostics.HealthChecks.Abstractions": {
        "type": "Transitive",
        "resolved": "8.0.0",
        "contentHash": "AT2qqos3IgI09ok36Qag9T8bb6kHJ3uT9Q5ki6CySybFsK6/9JbvQAgAHf1pVEjST0/N4JaFaCbm40R5edffwg=="
      },
      "Microsoft.Extensions.FileProviders.Abstractions": {
        "type": "Transitive",
        "resolved": "8.0.0",
        "contentHash": "ZbaMlhJlpisjuWbvXr4LdAst/1XxH3vZ6A0BsgTphZ2L4PGuxRLz7Jr/S7mkAAnOn78Vu0fKhEgNF5JO3zfjqQ==",
        "dependencies": {
          "Microsoft.Extensions.Primitives": "8.0.0"
        }
      },
      "Microsoft.Extensions.Hosting.Abstractions": {
        "type": "Transitive",
        "resolved": "8.0.0",
        "contentHash": "AG7HWwVRdCHlaA++1oKDxLsXIBxmDpMPb3VoyOoAghEWnkUvEAdYQUwnV4jJbAaa/nMYNiEh5ByoLauZBEiovg==",
        "dependencies": {
          "Microsoft.Extensions.Configuration.Abstractions": "8.0.0",
          "Microsoft.Extensions.DependencyInjection.Abstractions": "8.0.0",
          "Microsoft.Extensions.Diagnostics.Abstractions": "8.0.0",
          "Microsoft.Extensions.FileProviders.Abstractions": "8.0.0",
          "Microsoft.Extensions.Logging.Abstractions": "8.0.0"
        }
      },
      "Microsoft.Extensions.Logging.Abstractions": {
        "type": "Transitive",
        "resolved": "8.0.0",
        "contentHash": "arDBqTgFCyS0EvRV7O3MZturChstm50OJ0y9bDJvAcmEPJm0FFpFyjU/JLYyStNGGey081DvnQYlncNX5SJJGA==",
        "dependencies": {
          "Microsoft.Extensions.DependencyInjection.Abstractions": "8.0.0"
        }
      },
      "Microsoft.Extensions.Options": {
        "type": "Transitive",
        "resolved": "8.0.0",
        "contentHash": "JOVOfqpnqlVLUzINQ2fox8evY2SKLYJ3BV8QDe/Jyp21u1T7r45x/R/5QdteURMR5r01GxeJSBBUOCOyaNXA3g==",
        "dependencies": {
          "Microsoft.Extensions.DependencyInjection.Abstractions": "8.0.0",
          "Microsoft.Extensions.Primitives": "8.0.0"
        }
      },
      "Microsoft.Extensions.Primitives": {
        "type": "Transitive",
        "resolved": "8.0.0",
        "contentHash": "bXJEZrW9ny8vjMF1JV253WeLhpEVzFo1lyaZu1vQ4ZxWUlVvknZ/+ftFgVheLubb4eZPSwwxBeqS1JkCOjxd8g=="
      },
      "Monai.Deploy.Storage.S3Policy": {
        "type": "Transitive",
        "resolved": "1.0.0",
        "contentHash": "I8My4nZEt1vA2wDvti84CfhK+TnyW60E/50Cb+xyhzdrlqWpWr/Xbwhl1ocELAPDeRsakECK4cikrNYLbpp+pQ==",
        "dependencies": {
          "Ardalis.GuardClauses": "4.3.0",
          "Newtonsoft.Json": "13.0.3"
        }
      },
      "Newtonsoft.Json": {
        "type": "Transitive",
        "resolved": "13.0.3",
        "contentHash": "HrC5BXdl00IP9zeV+0Z848QWPAoCr9P3bDEZguI+gkLcBKAOxix/tLEAAHC+UvDNPv4a2d18lOReHMOagPa+zQ=="
      },
      "System.Diagnostics.DiagnosticSource": {
        "type": "Transitive",
        "resolved": "8.0.0",
        "contentHash": "c9xLpVz6PL9lp/djOWtk5KPDZq3cSYpmXoJQY524EOtuFl5z9ZtsotpsyrDW40U1DRnQSYvcPKEUV0X//u6gkQ=="
      },
      "System.IO.Abstractions": {
        "type": "Transitive",
        "resolved": "20.0.4",
        "contentHash": "Vv3DffYCM/DEQ7+9Dn7ydq852WSVtdeoLNlztIqaMAl4o6aALyAJQRTQ30d/3D7BVf5pALsGm22HYb4Y6h8xvw==",
        "dependencies": {
          "TestableIO.System.IO.Abstractions": "20.0.4",
          "TestableIO.System.IO.Abstractions.Wrappers": "20.0.4"
        }
      },
      "TestableIO.System.IO.Abstractions": {
        "type": "Transitive",
        "resolved": "20.0.4",
        "contentHash": "zvuE3an8qmEjlz72ZKyW/gBZprR0TMTDxuw77i1OXi5wEagXRhHwP4lOaLvHIXNlwyCAmdmei6iLHsfsZcuUAA=="
      },
      "TestableIO.System.IO.Abstractions.Wrappers": {
        "type": "Transitive",
        "resolved": "20.0.4",
        "contentHash": "LbVaZauZfCkcGmHyPhQ2yiKv5GQqTvMViPYd3NjU1tGxp0N2p7Oc6Q/2trN6ZNIZCr42ujJdYUB63hE4mtsHRQ==",
        "dependencies": {
          "TestableIO.System.IO.Abstractions": "20.0.4"
        }
      }
    }
  }
}