{
  "version": 1,
  "dependencies": {
    "net6.0": {
      "Monai.Deploy.Messaging": {
        "type": "Direct",
        "requested": "[1.0.0, )",
        "resolved": "1.0.0",
        "contentHash": "Xr1V3ZrSJByfUP4w+aiOAqC7Uzt1GqRXj35qSTQs9C1oI4gCiBN4wnre0SSvoA7vHQNZPGWNWXtiqbI7Cov3Mg==",
        "dependencies": {
          "Ardalis.GuardClauses": "4.1.1",
          "Microsoft.Extensions.Diagnostics.HealthChecks": "6.0.21",
          "Newtonsoft.Json": "13.0.3",
          "System.IO.Abstractions": "17.2.3"
        }
      },
      "Monai.Deploy.Storage": {
        "type": "Direct",
        "requested": "[0.2.18, )",
        "resolved": "0.2.18",
        "contentHash": "+1JX7QDgVEMqYA0/M1QMr1gtXRC6lEuhBtLfJXWi6cEgh9kOPE0KiHd1AWI7PxBgBbsEBZaNQSvWqShlwcu6bA==",
        "dependencies": {
          "AWSSDK.SecurityToken": "3.7.201.9",
          "Microsoft.Extensions.Diagnostics.HealthChecks": "6.0.21",
          "Monai.Deploy.Storage.S3Policy": "0.2.18",
          "System.IO.Abstractions": "17.2.3"
        }
      },
      "Ardalis.GuardClauses": {
        "type": "Transitive",
        "resolved": "4.1.1",
        "contentHash": "+UcJ2s+gf2wMNrwadCaHZV2DMcGgBU1t22A+jm40P4MHQRLy9hcleGy5xdVWd4dXZPa5Vlp4TG5xU2rhoDYrBA=="
      },
      "AWSSDK.Core": {
        "type": "Transitive",
        "resolved": "3.7.200.13",
        "contentHash": "yiUuhTI8w183euRqhXym1DyhnD/1ccxceRoruCfkIoqY3PAaFgFL8pE4iDLDZa7SUW4M4qZnQ5PMlFr1rrl6zw=="
      },
      "AWSSDK.SecurityToken": {
        "type": "Transitive",
        "resolved": "3.7.201.9",
        "contentHash": "yKlTPrvNeDdzkOX82Ydf7MD09Gk3dK74JWZPRWJ3QIxskWVoNTAyLvfVBzbi+/fGnjf8/qKsSzxT7GHLqds37A==",
        "dependencies": {
          "AWSSDK.Core": "[3.7.200.13, 4.0.0)"
        }
      },
      "Microsoft.Extensions.Configuration.Abstractions": {
        "type": "Transitive",
        "resolved": "6.0.0",
        "contentHash": "qWzV9o+ZRWq+pGm+1dF+R7qTgTYoXvbyowRoBxQJGfqTpqDun2eteerjRQhq5PQ/14S+lqto3Ft4gYaRyl4rdQ==",
        "dependencies": {
          "Microsoft.Extensions.Primitives": "6.0.0"
        }
      },
      "Microsoft.Extensions.DependencyInjection.Abstractions": {
        "type": "Transitive",
        "resolved": "6.0.0",
        "contentHash": "xlzi2IYREJH3/m6+lUrQlujzX8wDitm4QGnUu6kUXTQAWPuZY8i+ticFJbzfqaetLA6KR/rO6Ew/HuYD+bxifg=="
      },
      "Microsoft.Extensions.Diagnostics.HealthChecks": {
        "type": "Transitive",
        "resolved": "6.0.21",
        "contentHash": "1Qf/tEg6IlzbvCxrc+pZE+ZGrajBdB/+V2+abeAu6lg8wXGHmO8JtnrNqwc5svSbcz3udxinUPyH3vw6ZujKbg==",
        "dependencies": {
          "Microsoft.Extensions.Diagnostics.HealthChecks.Abstractions": "6.0.21",
          "Microsoft.Extensions.Hosting.Abstractions": "6.0.0",
          "Microsoft.Extensions.Logging.Abstractions": "6.0.4",
          "Microsoft.Extensions.Options": "6.0.0"
        }
      },
      "Microsoft.Extensions.Diagnostics.HealthChecks.Abstractions": {
        "type": "Transitive",
        "resolved": "6.0.21",
        "contentHash": "5FSA1euCRtbRqVgTn2ahgCG9Cy29UQXAZMCJLUlrQQaC5rko0+d/aq9SiFGIDP7cvoWUsatrlNdfc6UyOMV5aA=="
      },
      "Microsoft.Extensions.FileProviders.Abstractions": {
        "type": "Transitive",
        "resolved": "6.0.0",
        "contentHash": "0pd4/fho0gC12rQswaGQxbU34jOS1TPS8lZPpkFCH68ppQjHNHYle9iRuHeev1LhrJ94YPvzcRd8UmIuFk23Qw==",
        "dependencies": {
          "Microsoft.Extensions.Primitives": "6.0.0"
        }
      },
      "Microsoft.Extensions.Hosting.Abstractions": {
        "type": "Transitive",
        "resolved": "6.0.0",
        "contentHash": "GcT5l2CYXL6Sa27KCSh0TixsRfADUgth+ojQSD5EkzisZxmGFh7CwzkcYuGwvmXLjr27uWRNrJ2vuuEjMhU05Q==",
        "dependencies": {
          "Microsoft.Extensions.Configuration.Abstractions": "6.0.0",
          "Microsoft.Extensions.DependencyInjection.Abstractions": "6.0.0",
          "Microsoft.Extensions.FileProviders.Abstractions": "6.0.0"
        }
      },
      "Microsoft.Extensions.Logging.Abstractions": {
        "type": "Transitive",
        "resolved": "6.0.4",
        "contentHash": "K14wYgwOfKVELrUh5eBqlC8Wvo9vvhS3ZhIvcswV2uS/ubkTRPSQsN557EZiYUSSoZNxizG+alN4wjtdyLdcyw=="
      },
      "Microsoft.Extensions.Options": {
        "type": "Transitive",
        "resolved": "6.0.0",
        "contentHash": "dzXN0+V1AyjOe2xcJ86Qbo233KHuLEY0njf/P2Kw8SfJU+d45HNS2ctJdnEnrWbM9Ye2eFgaC5Mj9otRMU6IsQ==",
        "dependencies": {
          "Microsoft.Extensions.DependencyInjection.Abstractions": "6.0.0",
          "Microsoft.Extensions.Primitives": "6.0.0"
        }
      },
      "Microsoft.Extensions.Primitives": {
        "type": "Transitive",
        "resolved": "6.0.0",
        "contentHash": "9+PnzmQFfEFNR9J2aDTfJGGupShHjOuGw4VUv+JB044biSHrnmCIMD+mJHmb2H7YryrfBEXDurxQ47gJZdCKNQ==",
        "dependencies": {
          "System.Runtime.CompilerServices.Unsafe": "6.0.0"
        }
      },
      "Monai.Deploy.Storage.S3Policy": {
        "type": "Transitive",
        "resolved": "0.2.18",
        "contentHash": "+b0nDnf4OoajdH2hB02elRC6G+GjlYnxJC+F3dGbUUXGMtPApzs8c8s/EG4fKzihxsVovJtqnJl7atcaPyl12Q==",
        "dependencies": {
          "Ardalis.GuardClauses": "4.1.1",
          "Newtonsoft.Json": "13.0.3"
        }
      },
      "Newtonsoft.Json": {
        "type": "Transitive",
        "resolved": "13.0.3",
        "contentHash": "HrC5BXdl00IP9zeV+0Z848QWPAoCr9P3bDEZguI+gkLcBKAOxix/tLEAAHC+UvDNPv4a2d18lOReHMOagPa+zQ=="
      },
      "System.IO.Abstractions": {
        "type": "Transitive",
        "resolved": "17.2.3",
        "contentHash": "VcozGeE4SxIo0cnXrDHhbrh/Gb8KQnZ3BvMelvh+iw0PrIKtuuA46U2Xm4e4pgnaWFgT4RdZfTpWl/WPRdw0WQ=="
      },
      "System.Runtime.CompilerServices.Unsafe": {
        "type": "Transitive",
        "resolved": "6.0.0",
        "contentHash": "/iUeP3tq1S0XdNNoMz5C9twLSrM/TH+qElHkXWaPvuNOt+99G75NrV0OS2EqHx5wMN7popYjpc8oTjC1y16DLg=="
      }
    }
  }
}