{
  "version": 1,
  "dependencies": {
    "net6.0": {
      "Ardalis.GuardClauses": {
        "type": "Direct",
        "requested": "[4.0.1, )",
        "resolved": "4.0.1",
        "contentHash": "RemnImQf/BWR8oYqFpdw+hn+b4Q1w+pGujkRiSfjQhMPuiERwGn4UMmQv+6UDE4qbPlnIN+e3e40JkvBhzgfzg==",
        "dependencies": {
          "JetBrains.Annotations": "2021.3.0"
        }
      },
      "Microsoft.Extensions.Diagnostics.HealthChecks.Abstractions": {
        "type": "Direct",
        "requested": "[6.0.10, )",
        "resolved": "6.0.10",
        "contentHash": "U1PO967am1BIWbxBiLcYzVx8KOTYa9NvhBNgTn8Oii3LcsjvIwHzM+GTYy6bTiHnAFAlK5HAjxusAnAHSHJRoA=="
      },
      "JetBrains.Annotations": {
        "type": "Transitive",
        "resolved": "2021.3.0",
        "contentHash": "Ddxjs5RRjf+c8m9m++WvhW1lz1bqNhsTjWvCLbQN9bvKbkJeR9MhtfNwKgBRRdG2yLHcXFr5Lf7fsvvkiPaDRg=="
      }
    }
  }
}