{
  "version": 1,
  "dependencies": {
    "net6.0": {
      "Monai.Deploy.Messaging": {
        "type": "Direct",
        "requested": "[0.1.0-vchang-runner-co0030, )",
        "resolved": "0.1.0-vchang-runner-co0030",
        "contentHash": "3y2JE/TxsBDCXhSCN8lIykuonQcMLjS2TQcuypbtG7hMQngK7BcOfPDCx4v8nZ6dkL+WhOxMukwQYMhlA0DHTQ==",
        "dependencies": {
          "Ardalis.GuardClauses": "4.0.1",
          "Microsoft.Extensions.Configuration": "6.0.1",
          "Microsoft.Extensions.Logging": "6.0.0",
          "Newtonsoft.Json": "13.0.1",
          "RabbitMQ.Client": "6.2.4",
          "System.ComponentModel.Annotations": "5.0.0"
        }
      },
      "Monai.Deploy.Storage": {
        "type": "Direct",
        "requested": "[0.1.0-rc0014, )",
        "resolved": "0.1.0-rc0014",
        "contentHash": "8CiZblBXzL8r7FEuJC+KRIpludRTDZlIVeCfzLVrWgfN5zp2Yb/po0s59LT24LBo6Cnjl5d1obDvJSpqFAbQVg==",
        "dependencies": {
          "Ardalis.GuardClauses": "4.0.0",
          "Microsoft.Extensions.Configuration": "6.0.1",
          "Microsoft.Extensions.Logging": "6.0.0",
          "Minio": "3.1.13"
        }
      },
      "Ardalis.GuardClauses": {
        "type": "Transitive",
        "resolved": "4.0.1",
        "contentHash": "RemnImQf/BWR8oYqFpdw+hn+b4Q1w+pGujkRiSfjQhMPuiERwGn4UMmQv+6UDE4qbPlnIN+e3e40JkvBhzgfzg==",
        "dependencies": {
          "JetBrains.Annotations": "2021.3.0"
        }
      },
      "Crc32.NET": {
        "type": "Transitive",
        "resolved": "1.2.0",
        "contentHash": "wNW/huzolu8MNKUnwCVKxjfAlCFpeI8AZVfF46iAWJ1+P6bTU1AZct7VAkDDEjgeeTJCVTkGZaD6jSd/fOiUkA==",
        "dependencies": {
          "NETStandard.Library": "2.0.0"
        }
      },
      "JetBrains.Annotations": {
        "type": "Transitive",
        "resolved": "2021.3.0",
        "contentHash": "Ddxjs5RRjf+c8m9m++WvhW1lz1bqNhsTjWvCLbQN9bvKbkJeR9MhtfNwKgBRRdG2yLHcXFr5Lf7fsvvkiPaDRg=="
      },
      "Microsoft.CSharp": {
        "type": "Transitive",
        "resolved": "4.5.0",
        "contentHash": "kaj6Wb4qoMuH3HySFJhxwQfe8R/sJsNJnANrvv8WdFPMoNbKY5htfNscv+LHCu5ipz+49m2e+WQXpLXr9XYemQ=="
      },
      "Microsoft.Extensions.Configuration": {
        "type": "Transitive",
        "resolved": "6.0.1",
        "contentHash": "BUyFU9t+HzlSE7ri4B+AQN2BgTgHv/uM82s5ZkgU1BApyzWzIl48nDsG5wR1t0pniNuuyTBzG3qCW8152/NtSw==",
        "dependencies": {
          "Microsoft.Extensions.Configuration.Abstractions": "6.0.0",
          "Microsoft.Extensions.Primitives": "6.0.0"
        }
      },
      "Microsoft.Extensions.Configuration.Abstractions": {
        "type": "Transitive",
        "resolved": "6.0.0",
        "contentHash": "qWzV9o+ZRWq+pGm+1dF+R7qTgTYoXvbyowRoBxQJGfqTpqDun2eteerjRQhq5PQ/14S+lqto3Ft4gYaRyl4rdQ==",
        "dependencies": {
          "Microsoft.Extensions.Primitives": "6.0.0"
        }
      },
      "Microsoft.Extensions.DependencyInjection": {
        "type": "Transitive",
        "resolved": "6.0.0",
        "contentHash": "k6PWQMuoBDGGHOQTtyois2u4AwyVcIwL2LaSLlTZQm2CYcJ1pxbt6jfAnpWmzENA/wfrYRI/X9DTLoUkE4AsLw==",
        "dependencies": {
          "Microsoft.Extensions.DependencyInjection.Abstractions": "6.0.0",
          "System.Runtime.CompilerServices.Unsafe": "6.0.0"
        }
      },
      "Microsoft.Extensions.DependencyInjection.Abstractions": {
        "type": "Transitive",
        "resolved": "6.0.0",
        "contentHash": "xlzi2IYREJH3/m6+lUrQlujzX8wDitm4QGnUu6kUXTQAWPuZY8i+ticFJbzfqaetLA6KR/rO6Ew/HuYD+bxifg=="
      },
      "Microsoft.Extensions.Logging": {
        "type": "Transitive",
        "resolved": "6.0.0",
        "contentHash": "eIbyj40QDg1NDz0HBW0S5f3wrLVnKWnDJ/JtZ+yJDFnDj90VoPuoPmFkeaXrtu+0cKm5GRAwoDf+dBWXK0TUdg==",
        "dependencies": {
          "Microsoft.Extensions.DependencyInjection": "6.0.0",
          "Microsoft.Extensions.DependencyInjection.Abstractions": "6.0.0",
          "Microsoft.Extensions.Logging.Abstractions": "6.0.0",
          "Microsoft.Extensions.Options": "6.0.0",
          "System.Diagnostics.DiagnosticSource": "6.0.0"
        }
      },
      "Microsoft.Extensions.Logging.Abstractions": {
        "type": "Transitive",
        "resolved": "6.0.0",
        "contentHash": "/HggWBbTwy8TgebGSX5DBZ24ndhzi93sHUBDvP1IxbZD7FDokYzdAr6+vbWGjw2XAfR2EJ1sfKUotpjHnFWPxA=="
      },
      "Microsoft.Extensions.Options": {
        "type": "Transitive",
        "resolved": "6.0.0",
        "contentHash": "dzXN0+V1AyjOe2xcJ86Qbo233KHuLEY0njf/P2Kw8SfJU+d45HNS2ctJdnEnrWbM9Ye2eFgaC5Mj9otRMU6IsQ==",
        "dependencies": {
          "Microsoft.Extensions.DependencyInjection.Abstractions": "6.0.0",
          "Microsoft.Extensions.Primitives": "6.0.0"
        }
      },
      "Microsoft.Extensions.Primitives": {
        "type": "Transitive",
        "resolved": "6.0.0",
        "contentHash": "9+PnzmQFfEFNR9J2aDTfJGGupShHjOuGw4VUv+JB044biSHrnmCIMD+mJHmb2H7YryrfBEXDurxQ47gJZdCKNQ==",
        "dependencies": {
          "System.Runtime.CompilerServices.Unsafe": "6.0.0"
        }
      },
      "Microsoft.NETCore.Platforms": {
        "type": "Transitive",
        "resolved": "1.1.0",
        "contentHash": "kz0PEW2lhqygehI/d6XsPCQzD7ff7gUJaVGPVETX611eadGsA3A877GdSlU0LRVMCTH/+P3o2iDTak+S08V2+A=="
      },
      "Microsoft.NETCore.Targets": {
        "type": "Transitive",
        "resolved": "1.1.0",
        "contentHash": "aOZA3BWfz9RXjpzt0sRJJMjAscAUm3Hoa4UWAfceV9UTYxgwZ1lZt5nO2myFf+/jetYQo4uTP7zS8sJY67BBxg=="
      },
      "Minio": {
        "type": "Transitive",
        "resolved": "3.1.13",
        "contentHash": "i4h+gXs7kFHn1QUP0ZcuZz4Xa/PgNzZo+QRmi0WbFG5TYec7ozhrV+/cq7zfJbLOgcB89XwieASLLiduGNuwdA==",
        "dependencies": {
          "Crc32.NET": "1.2.0",
          "Microsoft.CSharp": "4.5.0",
          "RestSharp": "106.10.1",
          "System.Reactive.Linq": "4.0.0"
        }
      },
      "NETStandard.Library": {
        "type": "Transitive",
        "resolved": "2.0.0",
        "contentHash": "7jnbRU+L08FXKMxqUflxEXtVymWvNOrS8yHgu9s6EM8Anr6T/wIX4nZ08j/u3Asz+tCufp3YVwFSEvFTPYmBPA==",
        "dependencies": {
          "Microsoft.NETCore.Platforms": "1.1.0"
        }
      },
      "Newtonsoft.Json": {
        "type": "Transitive",
        "resolved": "13.0.1",
        "contentHash": "ppPFpBcvxdsfUonNcvITKqLl3bqxWbDCZIzDWHzjpdAHRFfZe0Dw9HmA0+za13IdyrgJwpkDTDA9fHaxOrt20A=="
      },
      "RabbitMQ.Client": {
        "type": "Transitive",
        "resolved": "6.2.4",
        "contentHash": "ttM7F+Ymb00EyQ25UCC44djr5GN/+cZNey2B3xD6JdJQQx7UcCtHdKBCE09zcmWuB+Afp07tFzetE14l/U8xQw==",
        "dependencies": {
          "System.Memory": "4.5.4",
          "System.Threading.Channels": "4.7.1"
        }
      },
      "RestSharp": {
        "type": "Transitive",
        "resolved": "106.10.1",
        "contentHash": "MhR4w8LbArVaRA5T/oAR3ZnF852QXtDXRBO84GsvyYzsm7FsjXHJ+JaM8x/nR/B/OCB1WbolGH7hqMT1GZpNJw=="
      },
      "System.ComponentModel.Annotations": {
        "type": "Transitive",
        "resolved": "5.0.0",
        "contentHash": "dMkqfy2el8A8/I76n2Hi1oBFEbG1SfxD2l5nhwXV3XjlnOmwxJlQbYpJH4W51odnU9sARCSAgv7S3CyAFMkpYg=="
      },
      "System.Diagnostics.DiagnosticSource": {
        "type": "Transitive",
        "resolved": "6.0.0",
        "contentHash": "frQDfv0rl209cKm1lnwTgFPzNigy2EKk1BS3uAvHvlBVKe5cymGyHO+Sj+NLv5VF/AhHsqPIUUwya5oV4CHMUw==",
        "dependencies": {
          "System.Runtime.CompilerServices.Unsafe": "6.0.0"
        }
      },
      "System.Memory": {
        "type": "Transitive",
        "resolved": "4.5.4",
        "contentHash": "1MbJTHS1lZ4bS4FmsJjnuGJOu88ZzTT2rLvrhW7Ygic+pC0NWA+3hgAen0HRdsocuQXCkUTdFn9yHJJhsijDXw=="
      },
      "System.Reactive": {
        "type": "Transitive",
        "resolved": "4.0.0",
        "contentHash": "yaVAxT2Yl28p9+DupGwj2oPbIOYZUQimOQ+n7N7vML2oofIRj9BmcfD7DHc6FLrNah65EigOgG6U9VnwWEyz5g==",
        "dependencies": {
          "System.Runtime.InteropServices.WindowsRuntime": "4.3.0"
        }
      },
      "System.Reactive.Linq": {
        "type": "Transitive",
        "resolved": "4.0.0",
        "contentHash": "LaYTtUoOtQJ7SBb1/tfM/kcIHy0dsA7E+31/739HyTyGg9uSGzP/fV4VFI3/Atg7MQiks+JbEAwcoTDJY0pJoA==",
        "dependencies": {
          "System.Reactive": "4.0.0"
        }
      },
      "System.Runtime": {
        "type": "Transitive",
        "resolved": "4.3.0",
        "contentHash": "JufQi0vPQ0xGnAczR13AUFglDyVYt4Kqnz1AZaiKZ5+GICq0/1MH/mO/eAJHt/mHW1zjKBJd7kV26SrxddAhiw==",
        "dependencies": {
          "Microsoft.NETCore.Platforms": "1.1.0",
          "Microsoft.NETCore.Targets": "1.1.0"
        }
      },
      "System.Runtime.CompilerServices.Unsafe": {
        "type": "Transitive",
        "resolved": "6.0.0",
        "contentHash": "/iUeP3tq1S0XdNNoMz5C9twLSrM/TH+qElHkXWaPvuNOt+99G75NrV0OS2EqHx5wMN7popYjpc8oTjC1y16DLg=="
      },
      "System.Runtime.InteropServices.WindowsRuntime": {
        "type": "Transitive",
        "resolved": "4.3.0",
        "contentHash": "J4GUi3xZQLUBasNwZnjrffN8i5wpHrBtZoLG+OhRyGo/+YunMRWWtwoMDlUAIdmX0uRfpHIBDSV6zyr3yf00TA==",
        "dependencies": {
          "System.Runtime": "4.3.0"
        }
      },
      "System.Threading.Channels": {
        "type": "Transitive",
        "resolved": "4.7.1",
        "contentHash": "6akRtHK/wab3246t4p5v3HQrtQk8LboOt5T4dtpNgsp3zvDeM4/Gx8V12t0h+c/W9/enUrilk8n6EQqdQorZAA=="
      }
    }
  }
}