
Microsoft Visual Studio Solution File, Format Version 12.00
# Visual Studio Version 17
VisualStudioVersion = 17.1.32328.378
MinimumVisualStudioVersion = 10.0.40219.1
Project("{9A19103F-16F7-4668-BE54-9A1E7A4F7556}") = "Monai.Deploy.WorkflowManager", "WorkflowManager\Monai.Deploy.WorkflowManager.csproj", "{4BABBAE0-5C3B-4DDB-B52C-8EFF2A115DAC}"
EndProject
Project("{9A19103F-16F7-4668-BE54-9A1E7A4F7556}") = "Monai.Deploy.WorkflowManager.CLI", "CLI\Monai.Deploy.WorkflowManager.CLI.csproj", "{6A6F01AA-83A7-44FD-B9E9-E5A04BD2786B}"
EndProject
Project("{9A19103F-16F7-4668-BE54-9A1E7A4F7556}") = "Monai.Deploy.WorkflowManager.Database", "Database\Monai.Deploy.WorkflowManager.Database.csproj", "{FE07AE59-97C9-49FF-9D36-485090E6B14D}"
EndProject
Project("{9A19103F-16F7-4668-BE54-9A1E7A4F7556}") = "Monai.Deploy.WorkflowManager.Configuration", "Configuration\Monai.Deploy.WorkflowManager.Configuration.csproj", "{3D16153E-F052-48BB-B5F0-BA113DE4CB29}"
EndProject
Project("{9A19103F-16F7-4668-BE54-9A1E7A4F7556}") = "Monai.Deploy.WorkflowManager.Contracts", "Contracts\Monai.Deploy.WorkflowManager.Contracts.csproj", "{7E2B81A9-1951-4D8F-BC91-19DD69AF3328}"
EndProject
Project("{9A19103F-16F7-4668-BE54-9A1E7A4F7556}") = "Monai.Deploy.WorkflowManager.PayloadListener", "PayloadListener\Monai.Deploy.WorkflowManager.PayloadListener.csproj", "{AB662390-B075-4621-ADC7-59A2F4702366}"
EndProject
Project("{9A19103F-16F7-4668-BE54-9A1E7A4F7556}") = "Monai.Deploy.WorkflowManager.Logging", "Logging\Monai.Deploy.WorkflowManager.Logging.csproj", "{ADCC3969-E32D-441B-B76A-9FD432DC6A77}"
EndProject
Project("{9A19103F-16F7-4668-BE54-9A1E7A4F7556}") = "Monai.Deploy.WorkflowManager.Common", "Common\Monai.Deploy.WorkflowManager.Common.csproj", "{34C41B48-7B14-4C16-9644-9AB20E6B9435}"
EndProject
Project("{2150E333-8FDC-42A3-9474-1A3956D46DE8}") = "Tests", "Tests", "{71DDEE7B-E213-4E39-A7F4-4646783A27F7}"
EndProject
Project("{9A19103F-16F7-4668-BE54-9A1E7A4F7556}") = "Monai.Deploy.WorkloadManager.WorkfowExecuter", "WorkflowExecuter\Monai.Deploy.WorkloadManager.WorkfowExecuter.csproj", "{BC2F95A6-3074-4B70-A1A6-0AEECE320875}"
EndProject
Project("{FAE04EC0-301F-11D3-BF4B-00C04F79EFBC}") = "Monai.Deploy.WorkflowManager.IntegrationTests", "..\tests\IntegrationTests\WorkflowManager.IntegrationTests\Monai.Deploy.WorkflowManager.IntegrationTests.csproj", "{5E32F893-1BBB-49E7-9650-1E6AD3F57D75}"
EndProject
Project("{FAE04EC0-301F-11D3-BF4B-00C04F79EFBC}") = "Monai.Deploy.WorkflowManager.CLI.Tests", "..\tests\UnitTests\CLI.Tests\Monai.Deploy.WorkflowManager.CLI.Tests.csproj", "{06F33D4A-F592-489A-AB72-6DE84B07A3AF}"
EndProject
Project("{FAE04EC0-301F-11D3-BF4B-00C04F79EFBC}") = "Monai.Deploy.WorkflowManager.Configuration.Tests", "..\tests\UnitTests\Configuration.Tests\Monai.Deploy.WorkflowManager.Configuration.Tests.csproj", "{BDED2DCC-9235-4115-8E3E-F0DC1AE17C68}"
EndProject
Project("{FAE04EC0-301F-11D3-BF4B-00C04F79EFBC}") = "Monai.Deploy.WorkflowManager.Database.Tests", "..\tests\UnitTests\Database.Tests\Monai.Deploy.WorkflowManager.Database.Tests.csproj", "{CB5B1BBE-A20B-4A16-9EF7-A0ED82A2CC0A}"
EndProject
Project("{FAE04EC0-301F-11D3-BF4B-00C04F79EFBC}") = "Monai.Deploy.WorkflowManager.PayloadListener.Tests", "..\tests\UnitTests\PayloadListener.Tests\Monai.Deploy.WorkflowManager.PayloadListener.Tests.csproj", "{365A4025-3F5A-4117-8D53-CC05A2A5E30C}"
EndProject
Project("{FAE04EC0-301F-11D3-BF4B-00C04F79EFBC}") = "Monai.Deploy.WorkflowManager.WorkflowExecuter.Tests", "..\tests\UnitTests\WorkflowExecuter.Tests\Monai.Deploy.WorkflowManager.WorkflowExecuter.Tests.csproj", "{0477032E-6F10-47E1-BE8E-C815DC91AA63}"
EndProject
Project("{FAE04EC0-301F-11D3-BF4B-00C04F79EFBC}") = "Monai.Deploy.WorkflowManager.Tests", "..\tests\UnitTests\WorkflowManager.Tests\Monai.Deploy.WorkflowManager.Tests.csproj", "{E96671E2-C1B9-4D5D-897B-6C74910306D6}"
EndProject
Global
	GlobalSection(SolutionConfigurationPlatforms) = preSolution
		Debug|Any CPU = Debug|Any CPU
		Release|Any CPU = Release|Any CPU
	EndGlobalSection
	GlobalSection(ProjectConfigurationPlatforms) = postSolution
		{4BABBAE0-5C3B-4DDB-B52C-8EFF2A115DAC}.Debug|Any CPU.ActiveCfg = Debug|Any CPU
		{4BABBAE0-5C3B-4DDB-B52C-8EFF2A115DAC}.Debug|Any CPU.Build.0 = Debug|Any CPU
		{4BABBAE0-5C3B-4DDB-B52C-8EFF2A115DAC}.Release|Any CPU.ActiveCfg = Release|Any CPU
		{4BABBAE0-5C3B-4DDB-B52C-8EFF2A115DAC}.Release|Any CPU.Build.0 = Release|Any CPU
		{6A6F01AA-83A7-44FD-B9E9-E5A04BD2786B}.Debug|Any CPU.ActiveCfg = Debug|Any CPU
		{6A6F01AA-83A7-44FD-B9E9-E5A04BD2786B}.Debug|Any CPU.Build.0 = Debug|Any CPU
		{6A6F01AA-83A7-44FD-B9E9-E5A04BD2786B}.Release|Any CPU.ActiveCfg = Release|Any CPU
		{6A6F01AA-83A7-44FD-B9E9-E5A04BD2786B}.Release|Any CPU.Build.0 = Release|Any CPU
		{FE07AE59-97C9-49FF-9D36-485090E6B14D}.Debug|Any CPU.ActiveCfg = Debug|Any CPU
		{FE07AE59-97C9-49FF-9D36-485090E6B14D}.Debug|Any CPU.Build.0 = Debug|Any CPU
		{FE07AE59-97C9-49FF-9D36-485090E6B14D}.Release|Any CPU.ActiveCfg = Release|Any CPU
		{FE07AE59-97C9-49FF-9D36-485090E6B14D}.Release|Any CPU.Build.0 = Release|Any CPU
		{3D16153E-F052-48BB-B5F0-BA113DE4CB29}.Debug|Any CPU.ActiveCfg = Debug|Any CPU
		{3D16153E-F052-48BB-B5F0-BA113DE4CB29}.Debug|Any CPU.Build.0 = Debug|Any CPU
		{3D16153E-F052-48BB-B5F0-BA113DE4CB29}.Release|Any CPU.ActiveCfg = Release|Any CPU
		{3D16153E-F052-48BB-B5F0-BA113DE4CB29}.Release|Any CPU.Build.0 = Release|Any CPU
		{7E2B81A9-1951-4D8F-BC91-19DD69AF3328}.Debug|Any CPU.ActiveCfg = Debug|Any CPU
		{7E2B81A9-1951-4D8F-BC91-19DD69AF3328}.Debug|Any CPU.Build.0 = Debug|Any CPU
		{7E2B81A9-1951-4D8F-BC91-19DD69AF3328}.Release|Any CPU.ActiveCfg = Release|Any CPU
		{7E2B81A9-1951-4D8F-BC91-19DD69AF3328}.Release|Any CPU.Build.0 = Release|Any CPU
		{AB662390-B075-4621-ADC7-59A2F4702366}.Debug|Any CPU.ActiveCfg = Debug|Any CPU
		{AB662390-B075-4621-ADC7-59A2F4702366}.Debug|Any CPU.Build.0 = Debug|Any CPU
		{AB662390-B075-4621-ADC7-59A2F4702366}.Release|Any CPU.ActiveCfg = Release|Any CPU
		{AB662390-B075-4621-ADC7-59A2F4702366}.Release|Any CPU.Build.0 = Release|Any CPU
		{ADCC3969-E32D-441B-B76A-9FD432DC6A77}.Debug|Any CPU.ActiveCfg = Debug|Any CPU
		{ADCC3969-E32D-441B-B76A-9FD432DC6A77}.Debug|Any CPU.Build.0 = Debug|Any CPU
		{ADCC3969-E32D-441B-B76A-9FD432DC6A77}.Release|Any CPU.ActiveCfg = Release|Any CPU
		{ADCC3969-E32D-441B-B76A-9FD432DC6A77}.Release|Any CPU.Build.0 = Release|Any CPU
		{34C41B48-7B14-4C16-9644-9AB20E6B9435}.Debug|Any CPU.ActiveCfg = Debug|Any CPU
		{34C41B48-7B14-4C16-9644-9AB20E6B9435}.Debug|Any CPU.Build.0 = Debug|Any CPU
		{34C41B48-7B14-4C16-9644-9AB20E6B9435}.Release|Any CPU.ActiveCfg = Release|Any CPU
		{34C41B48-7B14-4C16-9644-9AB20E6B9435}.Release|Any CPU.Build.0 = Release|Any CPU
		{BC2F95A6-3074-4B70-A1A6-0AEECE320875}.Debug|Any CPU.ActiveCfg = Debug|Any CPU
		{BC2F95A6-3074-4B70-A1A6-0AEECE320875}.Debug|Any CPU.Build.0 = Debug|Any CPU
		{BC2F95A6-3074-4B70-A1A6-0AEECE320875}.Release|Any CPU.ActiveCfg = Release|Any CPU
		{BC2F95A6-3074-4B70-A1A6-0AEECE320875}.Release|Any CPU.Build.0 = Release|Any CPU
		{5E32F893-1BBB-49E7-9650-1E6AD3F57D75}.Debug|Any CPU.ActiveCfg = Debug|Any CPU
		{5E32F893-1BBB-49E7-9650-1E6AD3F57D75}.Debug|Any CPU.Build.0 = Debug|Any CPU
		{5E32F893-1BBB-49E7-9650-1E6AD3F57D75}.Release|Any CPU.ActiveCfg = Release|Any CPU
		{5E32F893-1BBB-49E7-9650-1E6AD3F57D75}.Release|Any CPU.Build.0 = Release|Any CPU
		{06F33D4A-F592-489A-AB72-6DE84B07A3AF}.Debug|Any CPU.ActiveCfg = Debug|Any CPU
		{06F33D4A-F592-489A-AB72-6DE84B07A3AF}.Debug|Any CPU.Build.0 = Debug|Any CPU
		{06F33D4A-F592-489A-AB72-6DE84B07A3AF}.Release|Any CPU.ActiveCfg = Release|Any CPU
		{06F33D4A-F592-489A-AB72-6DE84B07A3AF}.Release|Any CPU.Build.0 = Release|Any CPU
		{BDED2DCC-9235-4115-8E3E-F0DC1AE17C68}.Debug|Any CPU.ActiveCfg = Debug|Any CPU
		{BDED2DCC-9235-4115-8E3E-F0DC1AE17C68}.Debug|Any CPU.Build.0 = Debug|Any CPU
		{BDED2DCC-9235-4115-8E3E-F0DC1AE17C68}.Release|Any CPU.ActiveCfg = Release|Any CPU
		{BDED2DCC-9235-4115-8E3E-F0DC1AE17C68}.Release|Any CPU.Build.0 = Release|Any CPU
		{CB5B1BBE-A20B-4A16-9EF7-A0ED82A2CC0A}.Debug|Any CPU.ActiveCfg = Debug|Any CPU
		{CB5B1BBE-A20B-4A16-9EF7-A0ED82A2CC0A}.Debug|Any CPU.Build.0 = Debug|Any CPU
		{CB5B1BBE-A20B-4A16-9EF7-A0ED82A2CC0A}.Release|Any CPU.ActiveCfg = Release|Any CPU
		{CB5B1BBE-A20B-4A16-9EF7-A0ED82A2CC0A}.Release|Any CPU.Build.0 = Release|Any CPU
		{365A4025-3F5A-4117-8D53-CC05A2A5E30C}.Debug|Any CPU.ActiveCfg = Debug|Any CPU
		{365A4025-3F5A-4117-8D53-CC05A2A5E30C}.Debug|Any CPU.Build.0 = Debug|Any CPU
		{365A4025-3F5A-4117-8D53-CC05A2A5E30C}.Release|Any CPU.ActiveCfg = Release|Any CPU
		{365A4025-3F5A-4117-8D53-CC05A2A5E30C}.Release|Any CPU.Build.0 = Release|Any CPU
		{0477032E-6F10-47E1-BE8E-C815DC91AA63}.Debug|Any CPU.ActiveCfg = Debug|Any CPU
		{0477032E-6F10-47E1-BE8E-C815DC91AA63}.Debug|Any CPU.Build.0 = Debug|Any CPU
		{0477032E-6F10-47E1-BE8E-C815DC91AA63}.Release|Any CPU.ActiveCfg = Release|Any CPU
		{0477032E-6F10-47E1-BE8E-C815DC91AA63}.Release|Any CPU.Build.0 = Release|Any CPU
		{E96671E2-C1B9-4D5D-897B-6C74910306D6}.Debug|Any CPU.ActiveCfg = Debug|Any CPU
		{E96671E2-C1B9-4D5D-897B-6C74910306D6}.Debug|Any CPU.Build.0 = Debug|Any CPU
		{E96671E2-C1B9-4D5D-897B-6C74910306D6}.Release|Any CPU.ActiveCfg = Release|Any CPU
		{E96671E2-C1B9-4D5D-897B-6C74910306D6}.Release|Any CPU.Build.0 = Release|Any CPU
	EndGlobalSection
	GlobalSection(SolutionProperties) = preSolution
		HideSolutionNode = FALSE
	EndGlobalSection
	GlobalSection(NestedProjects) = preSolution
		{5E32F893-1BBB-49E7-9650-1E6AD3F57D75} = {71DDEE7B-E213-4E39-A7F4-4646783A27F7}
		{06F33D4A-F592-489A-AB72-6DE84B07A3AF} = {71DDEE7B-E213-4E39-A7F4-4646783A27F7}
		{BDED2DCC-9235-4115-8E3E-F0DC1AE17C68} = {71DDEE7B-E213-4E39-A7F4-4646783A27F7}
		{CB5B1BBE-A20B-4A16-9EF7-A0ED82A2CC0A} = {71DDEE7B-E213-4E39-A7F4-4646783A27F7}
		{365A4025-3F5A-4117-8D53-CC05A2A5E30C} = {71DDEE7B-E213-4E39-A7F4-4646783A27F7}
		{0477032E-6F10-47E1-BE8E-C815DC91AA63} = {71DDEE7B-E213-4E39-A7F4-4646783A27F7}
		{E96671E2-C1B9-4D5D-897B-6C74910306D6} = {71DDEE7B-E213-4E39-A7F4-4646783A27F7}
	EndGlobalSection
	GlobalSection(ExtensibilityGlobals) = postSolution
		SolutionGuid = {DC0D56C8-D8CB-45CE-B528-F3DCF86D63ED}
	EndGlobalSection
EndGlobal
